{
    "version": 3,
    "terraform_version": "0.11.7",
    "serial": 4,
    "lineage": "acbbe904-7f20-4811-4a32-fa1fe61b2764",
    "modules": [
        {
            "path": [
                "root"
            ],
            "outputs": {},
            "resources": {},
            "depends_on": []
        },
        {
            "path": [
                "root",
                "iam_user"
            ],
            "outputs": {
                "this_iam_user_arn": {
                    "sensitive": false,
                    "type": "string",
                    "value": "arn:aws:iam::789543937854:user/admin-user"
                },
                "this_iam_user_name": {
                    "sensitive": false,
                    "type": "string",
                    "value": "admin-user"
                },
                "this_iam_user_unique_id": {
                    "sensitive": false,
                    "type": "string",
                    "value": "AIDAJTWKRBDDHC4VUEOYI"
                }
            },
            "resources": {
                "aws_iam_group.this": {
                    "type": "aws_iam_group",
                    "depends_on": [],
                    "primary": {
                        "id": "admin-users1",
                        "attributes": {
                            "arn": "arn:aws:iam::789543937854:group/admin-users1",
                            "id": "admin-users1",
                            "name": "admin-users1",
                            "path": "/",
                            "unique_id": "AGPAJALUAXODCFIFS2XAS"
                        },
                        "meta": {},
                        "tainted": false
                    },
                    "deposed": [],
                    "provider": "provider.aws"
                },
                "aws_iam_group_membership.this": {
                    "type": "aws_iam_group_membership",
                    "depends_on": [
                        "aws_iam_group.this",
                        "aws_iam_user.this"
                    ],
                    "primary": {
                        "id": "admin-user-membership",
                        "attributes": {
                            "group": "admin-users1",
                            "id": "admin-user-membership",
                            "name": "admin-user-membership",
                            "users.#": "1",
                            "users.781772550": "admin-user"
                        },
                        "meta": {},
                        "tainted": false
                    },
                    "deposed": [],
                    "provider": "provider.aws"
                },
                "aws_iam_group_policy.this": {
                    "type": "aws_iam_group_policy",
                    "depends_on": [
                        "aws_iam_group.this"
                    ],
                    "primary": {
                        "id": "admin-users1:explicit_group_policy",
                        "attributes": {
                            "group": "admin-users1",
                            "id": "admin-users1:explicit_group_policy",
                            "name": "explicit_group_policy",
                            "policy": "{\n  \"Version\": \"2012-10-17\",\n  \"Statement\": [\n    {\n      \"Action\": \"*\",\n      \"Effect\": \"Allow\",\n      \"Resource\": \"*\"\n    }\n  ]\n}\n"
                        },
                        "meta": {},
                        "tainted": false
                    },
                    "deposed": [],
                    "provider": "provider.aws"
                },
                "aws_iam_user.this": {
                    "type": "aws_iam_user",
                    "depends_on": [],
                    "primary": {
                        "id": "admin-user",
                        "attributes": {
                            "arn": "arn:aws:iam::789543937854:user/admin-user",
                            "force_destroy": "false",
                            "id": "admin-user",
                            "name": "admin-user",
                            "path": "/",
                            "unique_id": "AIDAJTWKRBDDHC4VUEOYI"
                        },
                        "meta": {},
                        "tainted": false
                    },
                    "deposed": [],
                    "provider": "provider.aws"
                }
            },
            "depends_on": []
        },
        {
            "path": [
                "root",
                "security_group"
            ],
            "outputs": {},
            "resources": {
                "aws_security_group.this": {
                    "type": "aws_security_group",
                    "depends_on": [],
                    "primary": {
                        "id": "sg-0071f97d",
                        "attributes": {
                            "arn": "arn:aws:ec2:eu-west-1:789543937854:security-group/sg-0071f97d",
                            "description": "Allow incoming HTTP connections.",
                            "egress.#": "0",
                            "id": "sg-0071f97d",
                            "ingress.#": "3",
                            "ingress.1799340084.cidr_blocks.#": "1",
                            "ingress.1799340084.cidr_blocks.0": "0.0.0.0/0",
                            "ingress.1799340084.description": "",
                            "ingress.1799340084.from_port": "-1",
                            "ingress.1799340084.ipv6_cidr_blocks.#": "0",
                            "ingress.1799340084.protocol": "icmp",
                            "ingress.1799340084.security_groups.#": "0",
                            "ingress.1799340084.self": "false",
                            "ingress.1799340084.to_port": "-1",
                            "ingress.2214680975.cidr_blocks.#": "1",
                            "ingress.2214680975.cidr_blocks.0": "0.0.0.0/0",
                            "ingress.2214680975.description": "",
                            "ingress.2214680975.from_port": "80",
                            "ingress.2214680975.ipv6_cidr_blocks.#": "0",
                            "ingress.2214680975.protocol": "tcp",
                            "ingress.2214680975.security_groups.#": "0",
                            "ingress.2214680975.self": "false",
                            "ingress.2214680975.to_port": "80",
                            "ingress.2617001939.cidr_blocks.#": "1",
                            "ingress.2617001939.cidr_blocks.0": "0.0.0.0/0",
                            "ingress.2617001939.description": "",
                            "ingress.2617001939.from_port": "443",
                            "ingress.2617001939.ipv6_cidr_blocks.#": "0",
                            "ingress.2617001939.protocol": "tcp",
                            "ingress.2617001939.security_groups.#": "0",
                            "ingress.2617001939.self": "false",
                            "ingress.2617001939.to_port": "443",
                            "name": "WebSG",
                            "owner_id": "789543937854",
                            "revoke_rules_on_delete": "false",
                            "tags.%": "1",
                            "tags.Name": "WebServerSG",
                            "vpc_id": "vpc-3bc2a85d"
                        },
                        "meta": {
                            "e2bfb730-ecaa-11e6-8f88-34363bc7c4c0": {
                                "create": 600000000000,
                                "delete": 600000000000
                            },
                            "schema_version": "1"
                        },
                        "tainted": false
                    },
                    "deposed": [],
                    "provider": "provider.aws"
                }
            },
            "depends_on": []
        },
        {
            "path": [
                "root",
                "vpc"
            ],
            "outputs": {
                "vpc_id": {
                    "sensitive": false,
                    "type": "string",
                    "value": "vpc-3bc2a85d"
                }
            },
            "resources": {
                "aws_internet_gateway.this": {
                    "type": "aws_internet_gateway",
                    "depends_on": [
                        "aws_vpc.this"
                    ],
                    "primary": {
                        "id": "igw-15abd572",
                        "attributes": {
                            "id": "igw-15abd572",
                            "tags.%": "0",
                            "vpc_id": "vpc-3bc2a85d"
                        },
                        "meta": {},
                        "tainted": false
                    },
                    "deposed": [],
                    "provider": "provider.aws"
                },
                "aws_route_table.this": {
                    "type": "aws_route_table",
                    "depends_on": [
                        "aws_internet_gateway.this",
                        "aws_vpc.this"
                    ],
                    "primary": {
                        "id": "rtb-6bd65d12",
                        "attributes": {
                            "id": "rtb-6bd65d12",
                            "propagating_vgws.#": "0",
                            "route.#": "1",
                            "route.26156834.cidr_block": "0.0.0.0/0",
                            "route.26156834.egress_only_gateway_id": "",
                            "route.26156834.gateway_id": "igw-15abd572",
                            "route.26156834.instance_id": "",
                            "route.26156834.ipv6_cidr_block": "",
                            "route.26156834.nat_gateway_id": "",
                            "route.26156834.network_interface_id": "",
                            "route.26156834.vpc_peering_connection_id": "",
                            "tags.%": "1",
                            "tags.Name": "Public Subnet",
                            "vpc_id": "vpc-3bc2a85d"
                        },
                        "meta": {},
                        "tainted": false
                    },
                    "deposed": [],
                    "provider": "provider.aws"
                },
                "aws_route_table_association.eu-west-1a-public": {
                    "type": "aws_route_table_association",
                    "depends_on": [
                        "aws_route_table.this",
                        "aws_subnet.this"
                    ],
                    "primary": {
                        "id": "rtbassoc-6ddae715",
                        "attributes": {
                            "id": "rtbassoc-6ddae715",
                            "route_table_id": "rtb-6bd65d12",
                            "subnet_id": "subnet-8345ffcb"
                        },
                        "meta": {},
                        "tainted": false
                    },
                    "deposed": [],
                    "provider": "provider.aws"
                },
                "aws_subnet.this": {
                    "type": "aws_subnet",
                    "depends_on": [
                        "aws_vpc.this"
                    ],
                    "primary": {
                        "id": "subnet-8345ffcb",
                        "attributes": {
                            "assign_ipv6_address_on_creation": "false",
                            "availability_zone": "eu-west-1a",
                            "cidr_block": "10.1.1.0/24",
                            "id": "subnet-8345ffcb",
                            "map_public_ip_on_launch": "false",
                            "tags.%": "1",
                            "tags.Name": "Public Subnet",
                            "vpc_id": "vpc-3bc2a85d"
                        },
                        "meta": {
                            "schema_version": "1"
                        },
                        "tainted": false
                    },
                    "deposed": [],
                    "provider": "provider.aws"
                },
                "aws_vpc.this": {
                    "type": "aws_vpc",
                    "depends_on": [],
                    "primary": {
                        "id": "vpc-3bc2a85d",
                        "attributes": {
                            "assign_generated_ipv6_cidr_block": "false",
                            "cidr_block": "10.1.0.0/16",
                            "default_network_acl_id": "acl-dede3ea7",
                            "default_route_table_id": "rtb-75d45f0c",
                            "default_security_group_id": "sg-5e74fc23",
                            "dhcp_options_id": "dopt-42780925",
                            "enable_classiclink": "false",
                            "enable_classiclink_dns_support": "false",
                            "enable_dns_hostnames": "true",
                            "enable_dns_support": "true",
                            "id": "vpc-3bc2a85d",
                            "instance_tenancy": "default",
                            "main_route_table_id": "rtb-75d45f0c",
                            "tags.%": "1",
                            "tags.Name": "Project_VPC"
                        },
                        "meta": {
                            "schema_version": "1"
                        },
                        "tainted": false
                    },
                    "deposed": [],
                    "provider": "provider.aws"
                }
            },
            "depends_on": []
        }
    ]
}
